{
  "version": 4,
  "terraform_version": "0.13.5",
  "serial": 34,
  "lineage": "bc404dd0-cecb-8ca3-e7db-ae1237855ae7",
  "outputs": {},
  "resources": [
    {
      "mode": "managed",
      "type": "oci_core_instance",
      "name": "instance1",
      "provider": "provider[\"registry.terraform.io/hashicorp/oci\"]",
      "instances": [
        {
          "index_key": 0,
          "schema_version": 0,
          "attributes": {
            "agent_config": [
              {
                "are_all_plugins_disabled": false,
                "is_management_disabled": false,
                "is_monitoring_disabled": false,
                "plugins_config": []
              }
            ],
            "availability_config": [
              {
                "is_live_migration_preferred": false,
                "recovery_action": "RESTORE_INSTANCE"
              }
            ],
            "availability_domain": "xekg:SA-VINHEDO-1-AD-1",
            "boot_volume_id": "ocid1.bootvolume.oc1.sa-vinhedo-1.ab3ggljrqgbfumj4c3w6kiu5hjsrer3c25cxjmtztxhk4i4gcgrrv4ydcdhq",
            "capacity_reservation_id": null,
            "compartment_id": "ocid1.compartment.oc1..aaaaaaaaqngvj3a4zn3bkprl4ygqr7qjahsb2lrzc647yk7kowlpvem2nsma",
            "create_vnic_details": [
              {
                "assign_private_dns_record": false,
                "assign_public_ip": "true",
                "defined_tags": {
                  "Oracle-Tags.CreatedBy": "oracleidentitycloudservice/ladan.machado@oracle.com",
                  "Oracle-Tags.CreatedOn": "2021-07-23T03:33:16.982Z"
                },
                "display_name": "instance20210723033317",
                "freeform_tags": {},
                "hostname_label": "",
                "nsg_ids": [],
                "private_ip": "10.0.0.141",
                "skip_source_dest_check": false,
                "subnet_id": "ocid1.subnet.oc1.sa-vinhedo-1.aaaaaaaavjwn2mulvw2lmlwarfe4k7qk4rzmwqlgepztgul4fpmq2sdbvkhq",
                "vlan_id": ""
              }
            ],
            "dedicated_vm_host_id": null,
            "defined_tags": {
              "Oracle-Tags.CreatedBy": "oracleidentitycloudservice/ladan.machado@oracle.com",
              "Oracle-Tags.CreatedOn": "2021-07-23T03:33:16.744Z"
            },
            "display_name": "server 1 ",
            "extended_metadata": {},
            "fault_domain": "FAULT-DOMAIN-3",
            "freeform_tags": {},
            "hostname_label": "",
            "id": "ocid1.instance.oc1.sa-vinhedo-1.an3ggljrkeemx2ycedo63as2eyoesfhm3pdh3izyaxdqzcgnes4dj43bqaoa",
            "image": "ocid1.image.oc1.sa-vinhedo-1.aaaaaaaatpt72e43qenbhbklp2qkytmmkxf3akdhwdzjc5mrbtbap3jyihmq",
            "instance_options": [
              {
                "are_legacy_imds_endpoints_disabled": false
              }
            ],
            "ipxe_script": null,
            "is_pv_encryption_in_transit_enabled": null,
            "launch_mode": "NATIVE",
            "launch_options": [
              {
                "boot_volume_type": "PARAVIRTUALIZED",
                "firmware": "UEFI_64",
                "is_consistent_volume_naming_enabled": true,
                "is_pv_encryption_in_transit_enabled": false,
                "network_type": "VFIO",
                "remote_data_volume_type": "PARAVIRTUALIZED"
              }
            ],
            "metadata": {
              "ssh_authorized_keys": "ssh-rsa AAAAB3NzaC1yc2EAAAADAQABAAABAQDX3NglwekV9yIgkvqkcW/HMh744VyzkssZgboBtTuG/mENuEpYl+uLW9Dvy5tMp6rCBEKWrOKV24dwdZPtYVQ+xx8x9qs5x96cAzmgUKSnEH9/U42GrEPD2nDxrP1zF/Po5yxIhGigJb63oOvlYXgGjkiejPRSu/rekH7cuPeo4z4Bpj42r1vG2msFS3JoOkZMwkoXlecv00GRxFgwQ5P2LcceM2aNo+Y4FBrY/UUx8laM+oFNhvkh2qHJ37qZj5F94GnUHE9iWW92ioTnzbHnosccWTdSdUFfHET0wUGT06322EBoJOKxm8H7vXEj21mV18gMU+Hl+e02ZmoWOnM5 ssh-key-2021-06-09"
            },
            "platform_config": [],
            "preemptible_instance_config": [],
            "preserve_boot_volume": null,
            "private_ip": "10.0.0.141",
            "public_ip": "193.123.117.197",
            "region": "sa-vinhedo-1",
            "shape": "VM.Standard.E3.Flex",
            "shape_config": [
              {
                "baseline_ocpu_utilization": "",
                "gpu_description": "",
                "gpus": 0,
                "local_disk_description": "",
                "local_disks": 0,
                "local_disks_total_size_in_gbs": 0,
                "max_vnic_attachments": 2,
                "memory_in_gbs": 4,
                "networking_bandwidth_in_gbps": 2,
                "ocpus": 2,
                "processor_description": "2.25 GHz AMD EPYC™ 7742 (Rome)"
              }
            ],
            "source_details": [
              {
                "boot_volume_size_in_gbs": "47",
                "kms_key_id": "",
                "source_id": "ocid1.image.oc1.sa-vinhedo-1.aaaaaaaatpt72e43qenbhbklp2qkytmmkxf3akdhwdzjc5mrbtbap3jyihmq",
                "source_type": "image"
              }
            ],
            "state": "RUNNING",
            "subnet_id": "ocid1.subnet.oc1.sa-vinhedo-1.aaaaaaaavjwn2mulvw2lmlwarfe4k7qk4rzmwqlgepztgul4fpmq2sdbvkhq",
            "system_tags": {},
            "time_created": "2021-07-23 03:33:17.336 +0000 UTC",
            "time_maintenance_reboot_due": "",
            "timeouts": null
          },
          "private": "eyJlMmJmYjczMC1lY2FhLTExZTYtOGY4OC0zNDM2M2JjN2M0YzAiOnsiY3JlYXRlIjoyNzAwMDAwMDAwMDAwLCJkZWxldGUiOjQ1MDAwMDAwMDAwMDAsInVwZGF0ZSI6MjcwMDAwMDAwMDAwMH19",
          "dependencies": [
            "oci_core_subnet.subnet1"
          ]
        },
        {
          "index_key": 1,
          "schema_version": 0,
          "attributes": {
            "agent_config": [
              {
                "are_all_plugins_disabled": false,
                "is_management_disabled": false,
                "is_monitoring_disabled": false,
                "plugins_config": []
              }
            ],
            "availability_config": [
              {
                "is_live_migration_preferred": false,
                "recovery_action": "RESTORE_INSTANCE"
              }
            ],
            "availability_domain": "xekg:SA-VINHEDO-1-AD-1",
            "boot_volume_id": "ocid1.bootvolume.oc1.sa-vinhedo-1.ab3ggljr2bvhnjbje6nudqidplyg4ev3yuwldoazqxoc4niwjd7xa5upepbq",
            "capacity_reservation_id": null,
            "compartment_id": "ocid1.compartment.oc1..aaaaaaaaqngvj3a4zn3bkprl4ygqr7qjahsb2lrzc647yk7kowlpvem2nsma",
            "create_vnic_details": [
              {
                "assign_private_dns_record": false,
                "assign_public_ip": "true",
                "defined_tags": {
                  "Oracle-Tags.CreatedBy": "oracleidentitycloudservice/ladan.machado@oracle.com",
                  "Oracle-Tags.CreatedOn": "2021-07-23T03:39:40.005Z"
                },
                "display_name": "instance20210723033940",
                "freeform_tags": {},
                "hostname_label": "",
                "nsg_ids": [],
                "private_ip": "10.0.0.172",
                "skip_source_dest_check": false,
                "subnet_id": "ocid1.subnet.oc1.sa-vinhedo-1.aaaaaaaavjwn2mulvw2lmlwarfe4k7qk4rzmwqlgepztgul4fpmq2sdbvkhq",
                "vlan_id": ""
              }
            ],
            "dedicated_vm_host_id": null,
            "defined_tags": {
              "Oracle-Tags.CreatedBy": "oracleidentitycloudservice/ladan.machado@oracle.com",
              "Oracle-Tags.CreatedOn": "2021-07-23T03:39:39.830Z"
            },
            "display_name": "server 2 ",
            "extended_metadata": {},
            "fault_domain": "FAULT-DOMAIN-3",
            "freeform_tags": {},
            "hostname_label": "",
            "id": "ocid1.instance.oc1.sa-vinhedo-1.an3ggljrkeemx2yc7z3mnvtxtxtmsl7pwpozz2y5a6lcc2pyny2xsg6wyofq",
            "image": "ocid1.image.oc1.sa-vinhedo-1.aaaaaaaatpt72e43qenbhbklp2qkytmmkxf3akdhwdzjc5mrbtbap3jyihmq",
            "instance_options": [
              {
                "are_legacy_imds_endpoints_disabled": false
              }
            ],
            "ipxe_script": null,
            "is_pv_encryption_in_transit_enabled": null,
            "launch_mode": "NATIVE",
            "launch_options": [
              {
                "boot_volume_type": "PARAVIRTUALIZED",
                "firmware": "UEFI_64",
                "is_consistent_volume_naming_enabled": true,
                "is_pv_encryption_in_transit_enabled": false,
                "network_type": "VFIO",
                "remote_data_volume_type": "PARAVIRTUALIZED"
              }
            ],
            "metadata": {
              "ssh_authorized_keys": "ssh-rsa AAAAB3NzaC1yc2EAAAADAQABAAABAQDX3NglwekV9yIgkvqkcW/HMh744VyzkssZgboBtTuG/mENuEpYl+uLW9Dvy5tMp6rCBEKWrOKV24dwdZPtYVQ+xx8x9qs5x96cAzmgUKSnEH9/U42GrEPD2nDxrP1zF/Po5yxIhGigJb63oOvlYXgGjkiejPRSu/rekH7cuPeo4z4Bpj42r1vG2msFS3JoOkZMwkoXlecv00GRxFgwQ5P2LcceM2aNo+Y4FBrY/UUx8laM+oFNhvkh2qHJ37qZj5F94GnUHE9iWW92ioTnzbHnosccWTdSdUFfHET0wUGT06322EBoJOKxm8H7vXEj21mV18gMU+Hl+e02ZmoWOnM5 ssh-key-2021-06-09"
            },
            "platform_config": [],
            "preemptible_instance_config": [],
            "preserve_boot_volume": null,
            "private_ip": "10.0.0.172",
            "public_ip": "193.123.102.185",
            "region": "sa-vinhedo-1",
            "shape": "VM.Standard.E3.Flex",
            "shape_config": [
              {
                "baseline_ocpu_utilization": "",
                "gpu_description": "",
                "gpus": 0,
                "local_disk_description": "",
                "local_disks": 0,
                "local_disks_total_size_in_gbs": 0,
                "max_vnic_attachments": 2,
                "memory_in_gbs": 4,
                "networking_bandwidth_in_gbps": 2,
                "ocpus": 2,
                "processor_description": "2.25 GHz AMD EPYC™ 7742 (Rome)"
              }
            ],
            "source_details": [
              {
                "boot_volume_size_in_gbs": "47",
                "kms_key_id": "",
                "source_id": "ocid1.image.oc1.sa-vinhedo-1.aaaaaaaatpt72e43qenbhbklp2qkytmmkxf3akdhwdzjc5mrbtbap3jyihmq",
                "source_type": "image"
              }
            ],
            "state": "RUNNING",
            "subnet_id": "ocid1.subnet.oc1.sa-vinhedo-1.aaaaaaaavjwn2mulvw2lmlwarfe4k7qk4rzmwqlgepztgul4fpmq2sdbvkhq",
            "system_tags": {},
            "time_created": "2021-07-23 03:39:40.296 +0000 UTC",
            "time_maintenance_reboot_due": "",
            "timeouts": null
          },
          "private": "eyJlMmJmYjczMC1lY2FhLTExZTYtOGY4OC0zNDM2M2JjN2M0YzAiOnsiY3JlYXRlIjoyNzAwMDAwMDAwMDAwLCJkZWxldGUiOjQ1MDAwMDAwMDAwMDAsInVwZGF0ZSI6MjcwMDAwMDAwMDAwMH19",
          "dependencies": [
            "oci_core_subnet.subnet1"
          ]
        }
      ]
    },
    {
      "mode": "managed",
      "type": "oci_core_internet_gateway",
      "name": "test_internet_gateway",
      "provider": "provider[\"registry.terraform.io/hashicorp/oci\"]",
      "instances": [
        {
          "schema_version": 0,
          "attributes": {
            "compartment_id": "ocid1.compartment.oc1..aaaaaaaaqngvj3a4zn3bkprl4ygqr7qjahsb2lrzc647yk7kowlpvem2nsma",
            "defined_tags": {
              "Oracle-Tags.CreatedBy": "oracleidentitycloudservice/ladan.machado@oracle.com",
              "Oracle-Tags.CreatedOn": "2021-07-21T22:03:53.030Z"
            },
            "display_name": "internetgateway20210721220353",
            "enabled": true,
            "freeform_tags": {},
            "id": "ocid1.internetgateway.oc1.sa-vinhedo-1.aaaaaaaa7i6oumyh72za7vg2f7nyjyx2gwffqdqc2suia3tfjid5zxaknima",
            "state": "AVAILABLE",
            "time_created": "2021-07-21 22:03:53.057 +0000 UTC",
            "timeouts": null,
            "vcn_id": "ocid1.vcn.oc1.sa-vinhedo-1.amaaaaaakeemx2yadok2wavzg53ifd5rfdnwpdhzfik6j5kanw3erlaw2nxq"
          },
          "private": "eyJlMmJmYjczMC1lY2FhLTExZTYtOGY4OC0zNDM2M2JjN2M0YzAiOnsiY3JlYXRlIjoxMjAwMDAwMDAwMDAwLCJkZWxldGUiOjEyMDAwMDAwMDAwMDAsInVwZGF0ZSI6MTIwMDAwMDAwMDAwMH19",
          "dependencies": [
            "oci_core_vcn.hands_onvcn"
          ]
        }
      ]
    },
    {
      "mode": "managed",
      "type": "oci_core_route_table",
      "name": "test_route_table",
      "provider": "provider[\"registry.terraform.io/hashicorp/oci\"]",
      "instances": [
        {
          "schema_version": 0,
          "attributes": {
            "compartment_id": "ocid1.compartment.oc1..aaaaaaaaqngvj3a4zn3bkprl4ygqr7qjahsb2lrzc647yk7kowlpvem2nsma",
            "defined_tags": {
              "Oracle-Tags.CreatedBy": "oracleidentitycloudservice/ladan.machado@oracle.com",
              "Oracle-Tags.CreatedOn": "2021-07-21T22:03:53.774Z"
            },
            "display_name": "routetable20210721220353",
            "freeform_tags": {},
            "id": "ocid1.routetable.oc1.sa-vinhedo-1.aaaaaaaa6kssalr2v7oc7e6sgg24yp5okikfa67ih2dontw6kglemonzv5xa",
            "route_rules": [
              {
                "cidr_block": "0.0.0.0/0",
                "description": "",
                "destination": "0.0.0.0/0",
                "destination_type": "CIDR_BLOCK",
                "network_entity_id": "ocid1.internetgateway.oc1.sa-vinhedo-1.aaaaaaaa7i6oumyh72za7vg2f7nyjyx2gwffqdqc2suia3tfjid5zxaknima"
              }
            ],
            "state": "AVAILABLE",
            "time_created": "2021-07-21 22:03:53.813 +0000 UTC",
            "timeouts": null,
            "vcn_id": "ocid1.vcn.oc1.sa-vinhedo-1.amaaaaaakeemx2yadok2wavzg53ifd5rfdnwpdhzfik6j5kanw3erlaw2nxq"
          },
          "private": "eyJlMmJmYjczMC1lY2FhLTExZTYtOGY4OC0zNDM2M2JjN2M0YzAiOnsiY3JlYXRlIjoxMjAwMDAwMDAwMDAwLCJkZWxldGUiOjEyMDAwMDAwMDAwMDAsInVwZGF0ZSI6MTIwMDAwMDAwMDAwMH19",
          "dependencies": [
            "oci_core_internet_gateway.test_internet_gateway",
            "oci_core_vcn.hands_onvcn"
          ]
        }
      ]
    },
    {
      "mode": "managed",
      "type": "oci_core_subnet",
      "name": "subnet1",
      "provider": "provider[\"registry.terraform.io/hashicorp/oci\"]",
      "instances": [
        {
          "schema_version": 0,
          "attributes": {
            "availability_domain": null,
            "cidr_block": "10.0.0.0/24",
            "compartment_id": "ocid1.compartment.oc1..aaaaaaaaqngvj3a4zn3bkprl4ygqr7qjahsb2lrzc647yk7kowlpvem2nsma",
            "defined_tags": {
              "Oracle-Tags.CreatedBy": "oracleidentitycloudservice/ladan.machado@oracle.com",
              "Oracle-Tags.CreatedOn": "2021-07-21T22:03:54.340Z"
            },
            "dhcp_options_id": "ocid1.dhcpoptions.oc1.sa-vinhedo-1.aaaaaaaa35l2t4drscinrcq6gsx4jjhuyfp2kzbd2o764yqhcz6kwzmwhcxq",
            "display_name": "subnet-privada",
            "dns_label": null,
            "freeform_tags": {},
            "id": "ocid1.subnet.oc1.sa-vinhedo-1.aaaaaaaavjwn2mulvw2lmlwarfe4k7qk4rzmwqlgepztgul4fpmq2sdbvkhq",
            "ipv6cidr_block": null,
            "ipv6virtual_router_ip": null,
            "prohibit_internet_ingress": false,
            "prohibit_public_ip_on_vnic": false,
            "route_table_id": "ocid1.routetable.oc1.sa-vinhedo-1.aaaaaaaa6kssalr2v7oc7e6sgg24yp5okikfa67ih2dontw6kglemonzv5xa",
            "security_list_ids": [
              "ocid1.securitylist.oc1.sa-vinhedo-1.aaaaaaaadmv2gwsox4iv4jk3dbtqhc3mwukuumhlc7ht7whhkiaetgkpsnva"
            ],
            "state": "AVAILABLE",
            "subnet_domain_name": null,
            "time_created": "2021-07-21 22:03:54.707 +0000 UTC",
            "timeouts": null,
            "vcn_id": "ocid1.vcn.oc1.sa-vinhedo-1.amaaaaaakeemx2yadok2wavzg53ifd5rfdnwpdhzfik6j5kanw3erlaw2nxq",
            "virtual_router_ip": "10.0.0.1",
            "virtual_router_mac": "00:00:17:32:74:34"
          },
          "private": "eyJlMmJmYjczMC1lY2FhLTExZTYtOGY4OC0zNDM2M2JjN2M0YzAiOnsiY3JlYXRlIjoxMjAwMDAwMDAwMDAwLCJkZWxldGUiOjEyMDAwMDAwMDAwMDAsInVwZGF0ZSI6MTIwMDAwMDAwMDAwMH19",
          "dependencies": [
            "oci_core_internet_gateway.test_internet_gateway",
            "oci_core_route_table.test_route_table",
            "oci_core_vcn.hands_onvcn"
          ]
        }
      ]
    },
    {
      "mode": "managed",
      "type": "oci_core_vcn",
      "name": "hands_onvcn",
      "provider": "provider[\"registry.terraform.io/hashicorp/oci\"]",
      "instances": [
        {
          "schema_version": 0,
          "attributes": {
            "cidr_block": "10.0.0.0/16",
            "cidr_blocks": [
              "10.0.0.0/16",
              "172.168.0.0/20"
            ],
            "compartment_id": "ocid1.compartment.oc1..aaaaaaaaqngvj3a4zn3bkprl4ygqr7qjahsb2lrzc647yk7kowlpvem2nsma",
            "default_dhcp_options_id": "ocid1.dhcpoptions.oc1.sa-vinhedo-1.aaaaaaaa35l2t4drscinrcq6gsx4jjhuyfp2kzbd2o764yqhcz6kwzmwhcxq",
            "default_route_table_id": "ocid1.routetable.oc1.sa-vinhedo-1.aaaaaaaawafl6elvmtt7cdbus72hvstfjmhvuqysn6zh5xreg4apgeyyixfa",
            "default_security_list_id": "ocid1.securitylist.oc1.sa-vinhedo-1.aaaaaaaadmv2gwsox4iv4jk3dbtqhc3mwukuumhlc7ht7whhkiaetgkpsnva",
            "defined_tags": {
              "Oracle-Tags.CreatedBy": "oracleidentitycloudservice/ladan.machado@oracle.com",
              "Oracle-Tags.CreatedOn": "2021-07-21T22:03:52.284Z"
            },
            "display_name": "vnc-handson",
            "dns_label": null,
            "freeform_tags": {},
            "id": "ocid1.vcn.oc1.sa-vinhedo-1.amaaaaaakeemx2yadok2wavzg53ifd5rfdnwpdhzfik6j5kanw3erlaw2nxq",
            "ipv6cidr_blocks": [],
            "is_ipv6enabled": false,
            "state": "AVAILABLE",
            "time_created": "2021-07-21 22:03:52.296 +0000 UTC",
            "timeouts": null,
            "vcn_domain_name": null
          },
          "private": "eyJlMmJmYjczMC1lY2FhLTExZTYtOGY4OC0zNDM2M2JjN2M0YzAiOnsiY3JlYXRlIjoxMjAwMDAwMDAwMDAwLCJkZWxldGUiOjEyMDAwMDAwMDAwMDAsInVwZGF0ZSI6MTIwMDAwMDAwMDAwMH19"
        }
      ]
    }
  ]
}
